// !$*UTF8*$!
{
	archiveVersion = 1;
	classes = {
	};
	objectVersion = 55;
	objects = {

/* Begin PBXBuildFile section */
		1116E82D2ED90748009B2B50 /* Pods_TheList.framework in Frameworks */ = {isa = PBXBuildFile; fileRef = 3F8E1631A0C18F7D5184FB0B /* Pods_TheList.framework */; };
		A5846A192794011D002710FB /* Help.swift in Sources */ = {isa = PBXBuildFile; fileRef = A5846A182794011D002710FB /* Help.swift */; };
		A5C23592279575E6009474E2 /* ItemModel.swift in Sources */ = {isa = PBXBuildFile; fileRef = A5C23591279575E6009474E2 /* ItemModel.swift */; };
		A5E9EC552790614B00587014 /* AppDelegate.swift in Sources */ = {isa = PBXBuildFile; fileRef = A5E9EC542790614B00587014 /* AppDelegate.swift */; };
		A5E9EC572790614B00587014 /* SceneDelegate.swift in Sources */ = {isa = PBXBuildFile; fileRef = A5E9EC562790614B00587014 /* SceneDelegate.swift */; };
		A5E9EC592790614B00587014 /* TheListViewController.swift in Sources */ = {isa = PBXBuildFile; fileRef = A5E9EC582790614B00587014 /* TheListViewController.swift */; };
		A5E9EC5E2790614C00587014 /* Assets.xcassets in Resources */ = {isa = PBXBuildFile; fileRef = A5E9EC5D2790614C00587014 /* Assets.xcassets */; };
		A5E9EC612790614C00587014 /* LaunchScreen.storyboard in Resources */ = {isa = PBXBuildFile; fileRef = A5E9EC5F2790614C00587014 /* LaunchScreen.storyboard */; };
/* End PBXBuildFile section */

/* Begin PBXFileReference section */
		3F8E1631A0C18F7D5184FB0B /* Pods_TheList.framework */ = {isa = PBXFileReference; explicitFileType = wrapper.framework; includeInIndex = 0; path = Pods_TheList.framework; sourceTree = BUILT_PRODUCTS_DIR; };
		442D7E170B8D5BC44AC054B3 /* Pods-TheList.debug.xcconfig */ = {isa = PBXFileReference; includeInIndex = 1; lastKnownFileType = text.xcconfig; name = "Pods-TheList.debug.xcconfig"; path = "Target Support Files/Pods-TheList/Pods-TheList.debug.xcconfig"; sourceTree = "<group>"; };
		A5846A182794011D002710FB /* Help.swift */ = {isa = PBXFileReference; lastKnownFileType = sourcecode.swift; path = Help.swift; sourceTree = "<group>"; };
		A5C23591279575E6009474E2 /* ItemModel.swift */ = {isa = PBXFileReference; lastKnownFileType = sourcecode.swift; path = ItemModel.swift; sourceTree = "<group>"; };
		A5E9EC512790614B00587014 /* TheList.app */ = {isa = PBXFileReference; explicitFileType = wrapper.application; includeInIndex = 0; path = TheList.app; sourceTree = BUILT_PRODUCTS_DIR; };
		A5E9EC542790614B00587014 /* AppDelegate.swift */ = {isa = PBXFileReference; lastKnownFileType = sourcecode.swift; path = AppDelegate.swift; sourceTree = "<group>"; };
		A5E9EC562790614B00587014 /* SceneDelegate.swift */ = {isa = PBXFileReference; lastKnownFileType = sourcecode.swift; path = SceneDelegate.swift; sourceTree = "<group>"; };
		A5E9EC582790614B00587014 /* TheListViewController.swift */ = {isa = PBXFileReference; lastKnownFileType = sourcecode.swift; path = TheListViewController.swift; sourceTree = "<group>"; };
		A5E9EC5D2790614C00587014 /* Assets.xcassets */ = {isa = PBXFileReference; lastKnownFileType = folder.assetcatalog; path = Assets.xcassets; sourceTree = "<group>"; };
		A5E9EC602790614C00587014 /* Base */ = {isa = PBXFileReference; lastKnownFileType = file.storyboard; name = Base; path = Base.lproj/LaunchScreen.storyboard; sourceTree = "<group>"; };
		A5E9EC622790614C00587014 /* Info.plist */ = {isa = PBXFileReference; lastKnownFileType = text.plist.xml; path = Info.plist; sourceTree = "<group>"; };
		C1CC46451099FC67EBAFA168 /* Pods-TheList.release.xcconfig */ = {isa = PBXFileReference; includeInIndex = 1; lastKnownFileType = text.xcconfig; name = "Pods-TheList.release.xcconfig"; path = "Target Support Files/Pods-TheList/Pods-TheList.release.xcconfig"; sourceTree = "<group>"; };
/* End PBXFileReference section */

/* Begin PBXFrameworksBuildPhase section */
		A5E9EC4E2790614B00587014 /* Frameworks */ = {
			isa = PBXFrameworksBuildPhase;
			buildActionMask = 2147483647;
			files = (
				1116E82D2ED90748009B2B50 /* Pods_TheList.framework in Frameworks */,
			);
			runOnlyForDeploymentPostprocessing = 0;
		};
/* End PBXFrameworksBuildPhase section */

/* Begin PBXGroup section */
		998694649994BC1F4D9360B0 /* Frameworks */ = {
			isa = PBXGroup;
			children = (
				3F8E1631A0C18F7D5184FB0B /* Pods_TheList.framework */,
			);
			name = Frameworks;
			sourceTree = "<group>";
		};
		A5C2359327957608009474E2 /* Models */ = {
			isa = PBXGroup;
			children = (
				A5C23591279575E6009474E2 /* ItemModel.swift */,
			);
			path = Models;
			sourceTree = "<group>";
		};
		A5C2359427957660009474E2 /* Controllers */ = {
			isa = PBXGroup;
			children = (
				A5E9EC582790614B00587014 /* TheListViewController.swift */,
			);
			path = Controllers;
			sourceTree = "<group>";
		};
		A5C2359527957671009474E2 /* Views */ = {
			isa = PBXGroup;
			children = (
				A5E9EC5F2790614C00587014 /* LaunchScreen.storyboard */,
			);
			path = Views;
			sourceTree = "<group>";
		};
		A5E9EC482790614B00587014 = {
			isa = PBXGroup;
			children = (
				A5E9EC532790614B00587014 /* TheList */,
				A5E9EC522790614B00587014 /* Products */,
				C3001B1AA489B4A86F53EDE1 /* Pods */,
				998694649994BC1F4D9360B0 /* Frameworks */,
			);
			sourceTree = "<group>";
		};
		A5E9EC522790614B00587014 /* Products */ = {
			isa = PBXGroup;
			children = (
				A5E9EC512790614B00587014 /* TheList.app */,
			);
			name = Products;
			sourceTree = "<group>";
		};
		A5E9EC532790614B00587014 /* TheList */ = {
			isa = PBXGroup;
			children = (
				A5E9EC542790614B00587014 /* AppDelegate.swift */,
				A5E9EC562790614B00587014 /* SceneDelegate.swift */,
				A5C2359327957608009474E2 /* Models */,
				A5C2359527957671009474E2 /* Views */,
				A5C2359427957660009474E2 /* Controllers */,
				A5E9EC622790614C00587014 /* Info.plist */,
				A5E9EC5D2790614C00587014 /* Assets.xcassets */,
				A5846A182794011D002710FB /* Help.swift */,
			);
			path = TheList;
			sourceTree = "<group>";
		};
		C3001B1AA489B4A86F53EDE1 /* Pods */ = {
			isa = PBXGroup;
			children = (
				442D7E170B8D5BC44AC054B3 /* Pods-TheList.debug.xcconfig */,
				C1CC46451099FC67EBAFA168 /* Pods-TheList.release.xcconfig */,
			);
			path = Pods;
			sourceTree = "<group>";
		};
/* End PBXGroup section */

/* Begin PBXNativeTarget section */
		A5E9EC502790614B00587014 /* TheList */ = {
			isa = PBXNativeTarget;
			buildConfigurationList = A5E9EC652790614C00587014 /* Build configuration list for PBXNativeTarget "TheList" */;
			buildPhases = (
				7082DAA7185B77FC6BC9A119 /* [CP] Check Pods Manifest.lock */,
				A5E9EC4D2790614B00587014 /* Sources */,
				A5E9EC4E2790614B00587014 /* Frameworks */,
				A5E9EC4F2790614B00587014 /* Resources */,
				2BCACD236EEB4EA5314C5106 /* [CP] Embed Pods Frameworks */,
			);
			buildRules = (
			);
			dependencies = (
			);
			name = TheList;
			productName = TheList;
			productReference = A5E9EC512790614B00587014 /* TheList.app */;
			productType = "com.apple.product-type.application";
		};
/* End PBXNativeTarget section */

/* Begin PBXProject section */
		A5E9EC492790614B00587014 /* Project object */ = {
			isa = PBXProject;
			attributes = {
				BuildIndependentTargetsInParallel = 1;
				LastSwiftUpdateCheck = 1310;
				LastUpgradeCheck = 1310;
				TargetAttributes = {
					A5E9EC502790614B00587014 = {
						CreatedOnToolsVersion = 13.1;
					};
				};
			};
			buildConfigurationList = A5E9EC4C2790614B00587014 /* Build configuration list for PBXProject "TheList" */;
			compatibilityVersion = "Xcode 13.0";
			developmentRegion = en;
			hasScannedForEncodings = 0;
			knownRegions = (
				en,
				Base,
			);
			mainGroup = A5E9EC482790614B00587014;
			productRefGroup = A5E9EC522790614B00587014 /* Products */;
			projectDirPath = "";
			projectRoot = "";
			targets = (
				A5E9EC502790614B00587014 /* TheList */,
			);
		};
/* End PBXProject section */

/* Begin PBXResourcesBuildPhase section */
		A5E9EC4F2790614B00587014 /* Resources */ = {
			isa = PBXResourcesBuildPhase;
			buildActionMask = 2147483647;
			files = (
				A5E9EC612790614C00587014 /* LaunchScreen.storyboard in Resources */,
				A5E9EC5E2790614C00587014 /* Assets.xcassets in Resources */,
			);
			runOnlyForDeploymentPostprocessing = 0;
		};
/* End PBXResourcesBuildPhase section */

/* Begin PBXShellScriptBuildPhase section */
		2BCACD236EEB4EA5314C5106 /* [CP] Embed Pods Frameworks */ = {
			isa = PBXShellScriptBuildPhase;
			buildActionMask = 2147483647;
			files = (
			);
			inputFileListPaths = (
				"${PODS_ROOT}/Target Support Files/Pods-TheList/Pods-TheList-frameworks-${CONFIGURATION}-input-files.xcfilelist",
			);
			name = "[CP] Embed Pods Frameworks";
			outputFileListPaths = (
				"${PODS_ROOT}/Target Support Files/Pods-TheList/Pods-TheList-frameworks-${CONFIGURATION}-output-files.xcfilelist",
			);
			runOnlyForDeploymentPostprocessing = 0;
			shellPath = /bin/sh;
			shellScript = "\"${PODS_ROOT}/Target Support Files/Pods-TheList/Pods-TheList-frameworks.sh\"\n";
			showEnvVarsInLog = 0;
		};
		7082DAA7185B77FC6BC9A119 /* [CP] Check Pods Manifest.lock */ = {
			isa = PBXShellScriptBuildPhase;
			buildActionMask = 2147483647;
			files = (
			);
			inputFileListPaths = (
			);
			inputPaths = (
				"${PODS_PODFILE_DIR_PATH}/Podfile.lock",
				"${PODS_ROOT}/Manifest.lock",
			);
			name = "[CP] Check Pods Manifest.lock";
			outputFileListPaths = (
			);
			outputPaths = (
				"$(DERIVED_FILE_DIR)/Pods-TheList-checkManifestLockResult.txt",
			);
			runOnlyForDeploymentPostprocessing = 0;
			shellPath = /bin/sh;
			shellScript = "diff \"${PODS_PODFILE_DIR_PATH}/Podfile.lock\" \"${PODS_ROOT}/Manifest.lock\" > /dev/null\nif [ $? != 0 ] ; then\n    # print error to STDERR\n    echo \"error: The sandbox is not in sync with the Podfile.lock. Run 'pod install' or update your CocoaPods installation.\" >&2\n    exit 1\nfi\n# This output is used by Xcode 'outputs' to avoid re-running this script phase.\necho \"SUCCESS\" > \"${SCRIPT_OUTPUT_FILE_0}\"\n";
			showEnvVarsInLog = 0;
		};
/* End PBXShellScriptBuildPhase section */

/* Begin PBXSourcesBuildPhase section */
		A5E9EC4D2790614B00587014 /* Sources */ = {
			isa = PBXSourcesBuildPhase;
			buildActionMask = 2147483647;
			files = (
				A5C23592279575E6009474E2 /* ItemModel.swift in Sources */,
				A5846A192794011D002710FB /* Help.swift in Sources */,
				A5E9EC592790614B00587014 /* TheListViewController.swift in Sources */,
				A5E9EC552790614B00587014 /* AppDelegate.swift in Sources */,
				A5E9EC572790614B00587014 /* SceneDelegate.swift in Sources */,
			);
			runOnlyForDeploymentPostprocessing = 0;
		};
/* End PBXSourcesBuildPhase section */

/* Begin PBXVariantGroup section */
		A5E9EC5F2790614C00587014 /* LaunchScreen.storyboard */ = {
			isa = PBXVariantGroup;
			children = (
				A5E9EC602790614C00587014 /* Base */,
			);
			name = LaunchScreen.storyboard;
			sourceTree = "<group>";
		};
/* End PBXVariantGroup section */

/* Begin XCBuildConfiguration section */
		A5E9EC632790614C00587014 /* Debug */ = {
			isa = XCBuildConfiguration;
			buildSettings = {
				ALWAYS_SEARCH_USER_PATHS = NO;
				CLANG_ANALYZER_NONNULL = YES;
				CLANG_ANALYZER_NUMBER_OBJECT_CONVERSION = YES_AGGRESSIVE;
				CLANG_CXX_LANGUAGE_STANDARD = "gnu++17";
				CLANG_CXX_LIBRARY = "libc++";
				CLANG_ENABLE_MODULES = YES;
				CLANG_ENABLE_OBJC_ARC = YES;
				CLANG_ENABLE_OBJC_WEAK = YES;
				CLANG_WARN_BLOCK_CAPTURE_AUTORELEASING = YES;
				CLANG_WARN_BOOL_CONVERSION = YES;
				CLANG_WARN_COMMA = YES;
				CLANG_WARN_CONSTANT_CONVERSION = YES;
				CLANG_WARN_DEPRECATED_OBJC_IMPLEMENTATIONS = YES;
				CLANG_WARN_DIRECT_OBJC_ISA_USAGE = YES_ERROR;
				CLANG_WARN_DOCUMENTATION_COMMENTS = YES;
				CLANG_WARN_EMPTY_BODY = YES;
				CLANG_WARN_ENUM_CONVERSION = YES;
				CLANG_WARN_INFINITE_RECURSION = YES;
				CLANG_WARN_INT_CONVERSION = YES;
				CLANG_WARN_NON_LITERAL_NULL_CONVERSION = YES;
				CLANG_WARN_OBJC_IMPLICIT_RETAIN_SELF = YES;
				CLANG_WARN_OBJC_LITERAL_CONVERSION = YES;
				CLANG_WARN_OBJC_ROOT_CLASS = YES_ERROR;
				CLANG_WARN_QUOTED_INCLUDE_IN_FRAMEWORK_HEADER = YES;
				CLANG_WARN_RANGE_LOOP_ANALYSIS = YES;
				CLANG_WARN_STRICT_PROTOTYPES = YES;
				CLANG_WARN_SUSPICIOUS_MOVE = YES;
				CLANG_WARN_UNGUARDED_AVAILABILITY = YES_AGGRESSIVE;
				CLANG_WARN_UNREACHABLE_CODE = YES;
				CLANG_WARN__DUPLICATE_METHOD_MATCH = YES;
				COPY_PHASE_STRIP = NO;
				DEBUG_INFORMATION_FORMAT = dwarf;
				ENABLE_STRICT_OBJC_MSGSEND = YES;
				ENABLE_TESTABILITY = YES;
				GCC_C_LANGUAGE_STANDARD = gnu11;
				GCC_DYNAMIC_NO_PIC = NO;
				GCC_NO_COMMON_BLOCKS = YES;
				GCC_OPTIMIZATION_LEVEL = 0;
				GCC_PREPROCESSOR_DEFINITIONS = (
					"DEBUG=1",
					"$(inherited)",
				);
				GCC_WARN_64_TO_32_BIT_CONVERSION = YES;
				GCC_WARN_ABOUT_RETURN_TYPE = YES_ERROR;
				GCC_WARN_UNDECLARED_SELECTOR = YES;
				GCC_WARN_UNINITIALIZED_AUTOS = YES_AGGRESSIVE;
				GCC_WARN_UNUSED_FUNCTION = YES;
				GCC_WARN_UNUSED_VARIABLE = YES;
				IPHONEOS_DEPLOYMENT_TARGET = 15.0;
				MTL_ENABLE_DEBUG_INFO = INCLUDE_SOURCE;
				MTL_FAST_MATH = YES;
				ONLY_ACTIVE_ARCH = YES;
				SDKROOT = iphoneos;
				SWIFT_ACTIVE_COMPILATION_CONDITIONS = DEBUG;
				SWIFT_OPTIMIZATION_LEVEL = "-Onone";
			};
			name = Debug;
		};
		A5E9EC642790614C00587014 /* Release */ = {
			isa = XCBuildConfiguration;
			buildSettings = {
				ALWAYS_SEARCH_USER_PATHS = NO;
				CLANG_ANALYZER_NONNULL = YES;
				CLANG_ANALYZER_NUMBER_OBJECT_CONVERSION = YES_AGGRESSIVE;
				CLANG_CXX_LANGUAGE_STANDARD = "gnu++17";
				CLANG_CXX_LIBRARY = "libc++";
				CLANG_ENABLE_MODULES = YES;
				CLANG_ENABLE_OBJC_ARC = YES;
				CLANG_ENABLE_OBJC_WEAK = YES;
				CLANG_WARN_BLOCK_CAPTURE_AUTORELEASING = YES;
				CLANG_WARN_BOOL_CONVERSION = YES;
				CLANG_WARN_COMMA = YES;
				CLANG_WARN_CONSTANT_CONVERSION = YES;
				CLANG_WARN_DEPRECATED_OBJC_IMPLEMENTATIONS = YES;
				CLANG_WARN_DIRECT_OBJC_ISA_USAGE = YES_ERROR;
				CLANG_WARN_DOCUMENTATION_COMMENTS = YES;
				CLANG_WARN_EMPTY_BODY = YES;
				CLANG_WARN_ENUM_CONVERSION = YES;
				CLANG_WARN_INFINITE_RECURSION = YES;
				CLANG_WARN_INT_CONVERSION = YES;
				CLANG_WARN_NON_LITERAL_NULL_CONVERSION = YES;
				CLANG_WARN_OBJC_IMPLICIT_RETAIN_SELF = YES;
				CLANG_WARN_OBJC_LITERAL_CONVERSION = YES;
				CLANG_WARN_OBJC_ROOT_CLASS = YES_ERROR;
				CLANG_WARN_QUOTED_INCLUDE_IN_FRAMEWORK_HEADER = YES;
				CLANG_WARN_RANGE_LOOP_ANALYSIS = YES;
				CLANG_WARN_STRICT_PROTOTYPES = YES;
				CLANG_WARN_SUSPICIOUS_MOVE = YES;
				CLANG_WARN_UNGUARDED_AVAILABILITY = YES_AGGRESSIVE;
				CLANG_WARN_UNREACHABLE_CODE = YES;
				CLANG_WARN__DUPLICATE_METHOD_MATCH = YES;
				COPY_PHASE_STRIP = NO;
				DEBUG_INFORMATION_FORMAT = "dwarf-with-dsym";
				ENABLE_NS_ASSERTIONS = NO;
				ENABLE_STRICT_OBJC_MSGSEND = YES;
				GCC_C_LANGUAGE_STANDARD = gnu11;
				GCC_NO_COMMON_BLOCKS = YES;
				GCC_WARN_64_TO_32_BIT_CONVERSION = YES;
				GCC_WARN_ABOUT_RETURN_TYPE = YES_ERROR;
				GCC_WARN_UNDECLARED_SELECTOR = YES;
				GCC_WARN_UNINITIALIZED_AUTOS = YES_AGGRESSIVE;
				GCC_WARN_UNUSED_FUNCTION = YES;
				GCC_WARN_UNUSED_VARIABLE = YES;
				IPHONEOS_DEPLOYMENT_TARGET = 15.0;
				MTL_ENABLE_DEBUG_INFO = NO;
				MTL_FAST_MATH = YES;
				SDKROOT = iphoneos;
				SWIFT_COMPILATION_MODE = wholemodule;
				SWIFT_OPTIMIZATION_LEVEL = "-O";
				VALIDATE_PRODUCT = YES;
			};
			name = Release;
		};
		A5E9EC662790614C00587014 /* Debug */ = {
			isa = XCBuildConfiguration;
			baseConfigurationReference = 442D7E170B8D5BC44AC054B3 /* Pods-TheList.debug.xcconfig */;
			buildSettings = {
				ASSETCATALOG_COMPILER_APPICON_NAME = AppIcon;
				ASSETCATALOG_COMPILER_GLOBAL_ACCENT_COLOR_NAME = AccentColor;
				CODE_SIGN_STYLE = Automatic;
				CURRENT_PROJECT_VERSION = 1;
				DEVELOPMENT_TEAM = LT772WDFTX;
				GENERATE_INFOPLIST_FILE = YES;
				INFOPLIST_FILE = TheList/Info.plist;
				INFOPLIST_KEY_UIApplicationSupportsIndirectInputEvents = YES;
				INFOPLIST_KEY_UILaunchStoryboardName = LaunchScreen;
				INFOPLIST_KEY_UISupportedInterfaceOrientations_iPad = "UIInterfaceOrientationPortrait UIInterfaceOrientationPortraitUpsideDown UIInterfaceOrientationLandscapeLeft UIInterfaceOrientationLandscapeRight";
				INFOPLIST_KEY_UISupportedInterfaceOrientations_iPhone = "UIInterfaceOrientationPortrait UIInterfaceOrientationLandscapeLeft UIInterfaceOrientationLandscapeRight";
				IPHONEOS_DEPLOYMENT_TARGET = 13.0;
				LD_RUNPATH_SEARCH_PATHS = (
					"$(inherited)",
					"@executable_path/Frameworks",
				);
				MARKETING_VERSION = 1.0;
				PRODUCT_BUNDLE_IDENTIFIER = com.sergeybindasov.TheList;
				PRODUCT_NAME = "$(TARGET_NAME)";
				SWIFT_EMIT_LOC_STRINGS = YES;
				SWIFT_VERSION = 5.0;
				TARGETED_DEVICE_FAMILY = 1;
			};
			name = Debug;
		};
		A5E9EC672790614C00587014 /* Release */ = {
			isa = XCBuildConfiguration;
			baseConfigurationReference = C1CC46451099FC67EBAFA168 /* Pods-TheList.release.xcconfig */;
			buildSettings = {
				ASSETCATALOG_COMPILER_APPICON_NAME = AppIcon;
				ASSETCATALOG_COMPILER_GLOBAL_ACCENT_COLOR_NAME = AccentColor;
				CODE_SIGN_STYLE = Automatic;
				CURRENT_PROJECT_VERSION = 1;
				DEVELOPMENT_TEAM = LT772WDFTX;
				GENERATE_INFOPLIST_FILE = YES;
				INFOPLIST_FILE = TheList/Info.plist;
				INFOPLIST_KEY_UIApplicationSupportsIndirectInputEvents = YES;
				INFOPLIST_KEY_UILaunchStoryboardName = LaunchScreen;
				INFOPLIST_KEY_UISupportedInterfaceOrientations_iPad = "UIInterfaceOrientationPortrait UIInterfaceOrientationPortraitUpsideDown UIInterfaceOrientationLandscapeLeft UIInterfaceOrientationLandscapeRight";
				INFOPLIST_KEY_UISupportedInterfaceOrientations_iPhone = "UIInterfaceOrientationPortrait UIInterfaceOrientationLandscapeLeft UIInterfaceOrientationLandscapeRight";
				IPHONEOS_DEPLOYMENT_TARGET = 13.0;
				LD_RUNPATH_SEARCH_PATHS = (
					"$(inherited)",
					"@executable_path/Frameworks",
				);
				MARKETING_VERSION = 1.0;
				PRODUCT_BUNDLE_IDENTIFIER = com.sergeybindasov.TheList;
				PRODUCT_NAME = "$(TARGET_NAME)";
				SWIFT_EMIT_LOC_STRINGS = YES;
				SWIFT_VERSION = 5.0;
				TARGETED_DEVICE_FAMILY = 1;
			};
			name = Release;
		};
/* End XCBuildConfiguration section */

/* Begin XCConfigurationList section */
		A5E9EC4C2790614B00587014 /* Build configuration list for PBXProject "TheList" */ = {
			isa = XCConfigurationList;
			buildConfigurations = (
				A5E9EC632790614C00587014 /* Debug */,
				A5E9EC642790614C00587014 /* Release */,
			);
			defaultConfigurationIsVisible = 0;
			defaultConfigurationName = Release;
		};
		A5E9EC652790614C00587014 /* Build configuration list for PBXNativeTarget "TheList" */ = {
			isa = XCConfigurationList;
			buildConfigurations = (
				A5E9EC662790614C00587014 /* Debug */,
				A5E9EC672790614C00587014 /* Release */,
			);
			defaultConfigurationIsVisible = 0;
			defaultConfigurationName = Release;
		};
/* End XCConfigurationList section */
	};
	rootObject = A5E9EC492790614B00587014 /* Project object */;
}
